# This file is automatically @generated by Poetry 1.6.1 and should not be changed by hand.

[[package]]
name = "argcomplete"
version = "3.1.6"
description = "Bash tab completion for argparse"
optional = false
python-versions = ">=3.8"
files = [
    {file = "argcomplete-3.1.6-py3-none-any.whl", hash = "sha256:71f4683bc9e6b0be85f2b2c1224c47680f210903e23512cfebfe5a41edfd883a"},
    {file = "argcomplete-3.1.6.tar.gz", hash = "sha256:3b1f07d133332547a53c79437527c00be48cca3807b1d4ca5cab1b26313386a6"},
]

[package.extras]
test = ["coverage", "mypy", "pexpect", "ruff", "wheel"]

[[package]]
name = "attrs"
version = "23.1.0"
description = "Classes Without Boilerplate"
optional = false
python-versions = ">=3.7"
files = [
    {file = "attrs-23.1.0-py3-none-any.whl", hash = "sha256:1f28b4522cdc2fb4256ac1a020c78acf9cba2c6b461ccd2c126f3aa8e8335d04"},
    {file = "attrs-23.1.0.tar.gz", hash = "sha256:6279836d581513a26f1bf235f9acd333bc9115683f14f7e8fae46c98fc50e015"},
]

[package.extras]
cov = ["attrs[tests]", "coverage[toml] (>=5.3)"]
dev = ["attrs[docs,tests]", "pre-commit"]
docs = ["furo", "myst-parser", "sphinx", "sphinx-notfound-page", "sphinxcontrib-towncrier", "towncrier", "zope-interface"]
tests = ["attrs[tests-no-zope]", "zope-interface"]
tests-no-zope = ["cloudpickle", "hypothesis", "mypy (>=1.1.1)", "pympler", "pytest (>=4.3.0)", "pytest-mypy-plugins", "pytest-xdist[psutil]"]

[[package]]
name = "boto3"
version = "1.33.1"
description = "The AWS SDK for Python"
optional = false
python-versions = ">= 3.7"
files = [
    {file = "boto3-1.33.1-py3-none-any.whl", hash = "sha256:fa5aa92d16763cb906fb4a83d6eba887342202a980bea07862af5ba40827aa5a"},
    {file = "boto3-1.33.1.tar.gz", hash = "sha256:1fe5fa75ff0f0c29a6f55e818d149d33571731e692a7b785ded7a28ac832cae8"},
]

[package.dependencies]
botocore = ">=1.33.1,<1.34.0"
jmespath = ">=0.7.1,<2.0.0"
s3transfer = ">=0.8.0,<0.9.0"

[package.extras]
crt = ["botocore[crt] (>=1.21.0,<2.0a0)"]

[[package]]
name = "botocore"
version = "1.33.1"
description = "Low-level, data-driven core of boto 3."
optional = false
python-versions = ">= 3.7"
files = [
    {file = "botocore-1.33.1-py3-none-any.whl", hash = "sha256:c744b90980786c610dd9ad9c50cf2cdde3f1c4634b954a33613f6f8a1865a1de"},
    {file = "botocore-1.33.1.tar.gz", hash = "sha256:d22d29916905e5f0670b91f07688e92b2c4a2075f9a474d6edbe7d22040d8fbf"},
]

[package.dependencies]
jmespath = ">=0.7.1,<2.0.0"
python-dateutil = ">=2.1,<3.0.0"
urllib3 = [
    {version = ">=1.25.4,<1.27", markers = "python_version < \"3.10\""},
    {version = ">=1.25.4,<2.1", markers = "python_version >= \"3.10\""},
]

[package.extras]
crt = ["awscrt (==0.19.17)"]

[[package]]
name = "c7n"
version = "0.9.33"
description = "Cloud Custodian - Policy Rules Engine"
optional = false
python-versions = "^3.8"
files = []
develop = true

[package.dependencies]
argcomplete = ">=1.12.3"
boto3 = "^1.12.31"
docutils = ">=0.18, <0.19"
importlib-metadata = "^5.1"
jsonschema = ">=4.18"
python-dateutil = "^2.8.2"
pyyaml = ">=5.4.0"
tabulate = "^0.9.0"
urllib3 = "<2.0"

[package.source]
type = "directory"
url = "../.."

[[package]]
name = "c7n-org"
version = "0.6.32"
description = "Cloud Custodian - Parallel Execution"
optional = false
python-versions = "^3.8"
files = []
develop = true

[package.dependencies]
c7n = {path = "../..", develop = true}
click = ">=8.0"

[package.source]
type = "directory"
url = "../c7n_org"

[[package]]
name = "click"
version = "8.1.7"
description = "Composable command line interface toolkit"
optional = false
python-versions = ">=3.7"
files = [
    {file = "click-8.1.7-py3-none-any.whl", hash = "sha256:ae74fb96c20a0277a1d615f1e4d73c8414f5a98db8b799a7931d1582f3390c28"},
    {file = "click-8.1.7.tar.gz", hash = "sha256:ca9853ad459e787e2192211578cc907e7594e294c7ccc834310722b41b9ca6de"},
]

[package.dependencies]
colorama = {version = "*", markers = "platform_system == \"Windows\""}

[[package]]
name = "colorama"
version = "0.4.6"
description = "Cross-platform colored terminal text."
optional = false
python-versions = "!=3.0.*,!=3.1.*,!=3.2.*,!=3.3.*,!=3.4.*,!=3.5.*,!=3.6.*,>=2.7"
files = [
    {file = "colorama-0.4.6-py2.py3-none-any.whl", hash = "sha256:4f1d9991f5acc0ca119f9d443620b77f9d6b33703e51011c16baf57afb285fc6"},
    {file = "colorama-0.4.6.tar.gz", hash = "sha256:08695f5cb7ed6e0531a20572697297273c47b8cae5a63ffc6d6ed5c201be6e44"},
]

[[package]]
name = "docutils"
version = "0.18.1"
description = "Docutils -- Python Documentation Utilities"
optional = false
python-versions = ">=2.7, !=3.0.*, !=3.1.*, !=3.2.*, !=3.3.*, !=3.4.*"
files = [
    {file = "docutils-0.18.1-py2.py3-none-any.whl", hash = "sha256:23010f129180089fbcd3bc08cfefccb3b890b0050e1ca00c867036e9d161b98c"},
    {file = "docutils-0.18.1.tar.gz", hash = "sha256:679987caf361a7539d76e584cbeddc311e3aee937877c87346f31debc63e9d06"},
]

[[package]]
name = "importlib-metadata"
version = "5.2.0"
description = "Read metadata from Python packages"
optional = false
python-versions = ">=3.7"
files = [
    {file = "importlib_metadata-5.2.0-py3-none-any.whl", hash = "sha256:0eafa39ba42bf225fc00e67f701d71f85aead9f878569caf13c3724f704b970f"},
    {file = "importlib_metadata-5.2.0.tar.gz", hash = "sha256:404d48d62bba0b7a77ff9d405efd91501bef2e67ff4ace0bed40a0cf28c3c7cd"},
]

[package.dependencies]
zipp = ">=0.5"

[package.extras]
docs = ["furo", "jaraco.packaging (>=9)", "jaraco.tidelift (>=1.4)", "rst.linker (>=1.9)", "sphinx (>=3.5)", "sphinx-lint"]
perf = ["ipython"]
testing = ["flake8 (<5)", "flufl.flake8", "importlib-resources (>=1.3)", "packaging", "pyfakefs", "pytest (>=6)", "pytest-black (>=0.3.7)", "pytest-checkdocs (>=2.4)", "pytest-cov", "pytest-enabler (>=1.3)", "pytest-flake8", "pytest-mypy (>=0.9.1)", "pytest-perf (>=0.9.2)"]

[[package]]
name = "importlib-resources"
version = "6.1.1"
description = "Read resources from Python packages"
optional = false
python-versions = ">=3.8"
files = [
    {file = "importlib_resources-6.1.1-py3-none-any.whl", hash = "sha256:e8bf90d8213b486f428c9c39714b920041cb02c184686a3dee24905aaa8105d6"},
    {file = "importlib_resources-6.1.1.tar.gz", hash = "sha256:3893a00122eafde6894c59914446a512f728a0c1a45f9bb9b63721b6bacf0b4a"},
]

[package.dependencies]
zipp = {version = ">=3.1.0", markers = "python_version < \"3.10\""}

[package.extras]
docs = ["furo", "jaraco.packaging (>=9.3)", "jaraco.tidelift (>=1.4)", "rst.linker (>=1.9)", "sphinx (<7.2.5)", "sphinx (>=3.5)", "sphinx-lint"]
testing = ["pytest (>=6)", "pytest-black (>=0.3.7)", "pytest-checkdocs (>=2.4)", "pytest-cov", "pytest-enabler (>=2.2)", "pytest-mypy (>=0.9.1)", "pytest-ruff", "zipp (>=3.17)"]

[[package]]
name = "jmespath"
version = "1.0.1"
description = "JSON Matching Expressions"
optional = false
python-versions = ">=3.7"
files = [
    {file = "jmespath-1.0.1-py3-none-any.whl", hash = "sha256:02e2e4cc71b5bcab88332eebf907519190dd9e6e82107fa7f83b1003a6252980"},
    {file = "jmespath-1.0.1.tar.gz", hash = "sha256:90261b206d6defd58fdd5e85f478bf633a2901798906be2ad389150c5c60edbe"},
]

[[package]]
name = "jsonschema"
version = "4.20.0"
description = "An implementation of JSON Schema validation for Python"
optional = false
python-versions = ">=3.8"
files = [
    {file = "jsonschema-4.20.0-py3-none-any.whl", hash = "sha256:ed6231f0429ecf966f5bc8dfef245998220549cbbcf140f913b7464c52c3b6b3"},
    {file = "jsonschema-4.20.0.tar.gz", hash = "sha256:4f614fd46d8d61258610998997743ec5492a648b33cf478c1ddc23ed4598a5fa"},
]

[package.dependencies]
attrs = ">=22.2.0"
importlib-resources = {version = ">=1.4.0", markers = "python_version < \"3.9\""}
jsonschema-specifications = ">=2023.03.6"
pkgutil-resolve-name = {version = ">=1.3.10", markers = "python_version < \"3.9\""}
referencing = ">=0.28.4"
rpds-py = ">=0.7.1"

[package.extras]
format = ["fqdn", "idna", "isoduration", "jsonpointer (>1.13)", "rfc3339-validator", "rfc3987", "uri-template", "webcolors (>=1.11)"]
format-nongpl = ["fqdn", "idna", "isoduration", "jsonpointer (>1.13)", "rfc3339-validator", "rfc3986-validator (>0.1.0)", "uri-template", "webcolors (>=1.11)"]

[[package]]
name = "jsonschema-specifications"
version = "2023.11.1"
description = "The JSON Schema meta-schemas and vocabularies, exposed as a Registry"
optional = false
python-versions = ">=3.8"
files = [
    {file = "jsonschema_specifications-2023.11.1-py3-none-any.whl", hash = "sha256:f596778ab612b3fd29f72ea0d990393d0540a5aab18bf0407a46632eab540779"},
    {file = "jsonschema_specifications-2023.11.1.tar.gz", hash = "sha256:c9b234904ffe02f079bf91b14d79987faa685fd4b39c377a0996954c0090b9ca"},
]

[package.dependencies]
importlib-resources = {version = ">=1.4.0", markers = "python_version < \"3.9\""}
referencing = ">=0.31.0"

[[package]]
name = "pkgutil-resolve-name"
version = "1.3.10"
description = "Resolve a name to an object."
optional = false
python-versions = ">=3.6"
files = [
    {file = "pkgutil_resolve_name-1.3.10-py3-none-any.whl", hash = "sha256:ca27cc078d25c5ad71a9de0a7a330146c4e014c2462d9af19c6b828280649c5e"},
    {file = "pkgutil_resolve_name-1.3.10.tar.gz", hash = "sha256:357d6c9e6a755653cfd78893817c0853af365dd51ec97f3d358a819373bbd174"},
]

[[package]]
name = "python-dateutil"
version = "2.8.2"
description = "Extensions to the standard Python datetime module"
optional = false
python-versions = "!=3.0.*,!=3.1.*,!=3.2.*,>=2.7"
files = [
    {file = "python-dateutil-2.8.2.tar.gz", hash = "sha256:0123cacc1627ae19ddf3c27a5de5bd67ee4586fbdd6440d9748f8abb483d3e86"},
    {file = "python_dateutil-2.8.2-py2.py3-none-any.whl", hash = "sha256:961d03dc3453ebbc59dbdea9e4e11c5651520a876d0f4db161e8674aae935da9"},
]

[package.dependencies]
six = ">=1.5"

[[package]]
name = "pyyaml"
version = "6.0.1"
description = "YAML parser and emitter for Python"
optional = false
python-versions = ">=3.6"
files = [
    {file = "PyYAML-6.0.1-cp310-cp310-macosx_10_9_x86_64.whl", hash = "sha256:d858aa552c999bc8a8d57426ed01e40bef403cd8ccdd0fc5f6f04a00414cac2a"},
    {file = "PyYAML-6.0.1-cp310-cp310-macosx_11_0_arm64.whl", hash = "sha256:fd66fc5d0da6d9815ba2cebeb4205f95818ff4b79c3ebe268e75d961704af52f"},
    {file = "PyYAML-6.0.1-cp310-cp310-manylinux_2_17_aarch64.manylinux2014_aarch64.whl", hash = "sha256:69b023b2b4daa7548bcfbd4aa3da05b3a74b772db9e23b982788168117739938"},
    {file = "PyYAML-6.0.1-cp310-cp310-manylinux_2_17_s390x.manylinux2014_s390x.whl", hash = "sha256:81e0b275a9ecc9c0c0c07b4b90ba548307583c125f54d5b6946cfee6360c733d"},
    {file = "PyYAML-6.0.1-cp310-cp310-manylinux_2_17_x86_64.manylinux2014_x86_64.whl", hash = "sha256:ba336e390cd8e4d1739f42dfe9bb83a3cc2e80f567d8805e11b46f4a943f5515"},
    {file = "PyYAML-6.0.1-cp310-cp310-win32.whl", hash = "sha256:bd4af7373a854424dabd882decdc5579653d7868b8fb26dc7d0e99f823aa5924"},
    {file = "PyYAML-6.0.1-cp310-cp310-win_amd64.whl", hash = "sha256:fd1592b3fdf65fff2ad0004b5e363300ef59ced41c2e6b3a99d4089fa8c5435d"},
    {file = "PyYAML-6.0.1-cp311-cp311-macosx_10_9_x86_64.whl", hash = "sha256:6965a7bc3cf88e5a1c3bd2e0b5c22f8d677dc88a455344035f03399034eb3007"},
    {file = "PyYAML-6.0.1-cp311-cp311-macosx_11_0_arm64.whl", hash = "sha256:f003ed9ad21d6a4713f0a9b5a7a0a79e08dd0f221aff4525a2be4c346ee60aab"},
    {file = "PyYAML-6.0.1-cp311-cp311-manylinux_2_17_aarch64.manylinux2014_aarch64.whl", hash = "sha256:42f8152b8dbc4fe7d96729ec2b99c7097d656dc1213a3229ca5383f973a5ed6d"},
    {file = "PyYAML-6.0.1-cp311-cp311-manylinux_2_17_s390x.manylinux2014_s390x.whl", hash = "sha256:062582fca9fabdd2c8b54a3ef1c978d786e0f6b3a1510e0ac93ef59e0ddae2bc"},
    {file = "PyYAML-6.0.1-cp311-cp311-manylinux_2_17_x86_64.manylinux2014_x86_64.whl", hash = "sha256:d2b04aac4d386b172d5b9692e2d2da8de7bfb6c387fa4f801fbf6fb2e6ba4673"},
    {file = "PyYAML-6.0.1-cp311-cp311-win32.whl", hash = "sha256:1635fd110e8d85d55237ab316b5b011de701ea0f29d07611174a1b42f1444741"},
    {file = "PyYAML-6.0.1-cp311-cp311-win_amd64.whl", hash = "sha256:bf07ee2fef7014951eeb99f56f39c9bb4af143d8aa3c21b1677805985307da34"},
    {file = "PyYAML-6.0.1-cp36-cp36m-macosx_10_9_x86_64.whl", hash = "sha256:50550eb667afee136e9a77d6dc71ae76a44df8b3e51e41b77f6de2932bfe0f47"},
    {file = "PyYAML-6.0.1-cp36-cp36m-manylinux_2_17_aarch64.manylinux2014_aarch64.whl", hash = "sha256:1fe35611261b29bd1de0070f0b2f47cb6ff71fa6595c077e42bd0c419fa27b98"},
    {file = "PyYAML-6.0.1-cp36-cp36m-manylinux_2_17_s390x.manylinux2014_s390x.whl", hash = "sha256:704219a11b772aea0d8ecd7058d0082713c3562b4e271b849ad7dc4a5c90c13c"},
    {file = "PyYAML-6.0.1-cp36-cp36m-manylinux_2_17_x86_64.manylinux2014_x86_64.whl", hash = "sha256:afd7e57eddb1a54f0f1a974bc4391af8bcce0b444685d936840f125cf046d5bd"},
    {file = "PyYAML-6.0.1-cp36-cp36m-win32.whl", hash = "sha256:fca0e3a251908a499833aa292323f32437106001d436eca0e6e7833256674585"},
    {file = "PyYAML-6.0.1-cp36-cp36m-win_amd64.whl", hash = "sha256:f22ac1c3cac4dbc50079e965eba2c1058622631e526bd9afd45fedd49ba781fa"},
    {file = "PyYAML-6.0.1-cp37-cp37m-macosx_10_9_x86_64.whl", hash = "sha256:b1275ad35a5d18c62a7220633c913e1b42d44b46ee12554e5fd39c70a243d6a3"},
    {file = "PyYAML-6.0.1-cp37-cp37m-manylinux_2_17_aarch64.manylinux2014_aarch64.whl", hash = "sha256:18aeb1bf9a78867dc38b259769503436b7c72f7a1f1f4c93ff9a17de54319b27"},
    {file = "PyYAML-6.0.1-cp37-cp37m-manylinux_2_17_s390x.manylinux2014_s390x.whl", hash = "sha256:596106435fa6ad000c2991a98fa58eeb8656ef2325d7e158344fb33864ed87e3"},
    {file = "PyYAML-6.0.1-cp37-cp37m-manylinux_2_17_x86_64.manylinux2014_x86_64.whl", hash = "sha256:baa90d3f661d43131ca170712d903e6295d1f7a0f595074f151c0aed377c9b9c"},
    {file = "PyYAML-6.0.1-cp37-cp37m-win32.whl", hash = "sha256:9046c58c4395dff28dd494285c82ba00b546adfc7ef001486fbf0324bc174fba"},
    {file = "PyYAML-6.0.1-cp37-cp37m-win_amd64.whl", hash = "sha256:4fb147e7a67ef577a588a0e2c17b6db51dda102c71de36f8549b6816a96e1867"},
    {file = "PyYAML-6.0.1-cp38-cp38-macosx_10_9_x86_64.whl", hash = "sha256:1d4c7e777c441b20e32f52bd377e0c409713e8bb1386e1099c2415f26e479595"},
    {file = "PyYAML-6.0.1-cp38-cp38-manylinux_2_17_aarch64.manylinux2014_aarch64.whl", hash = "sha256:a0cd17c15d3bb3fa06978b4e8958dcdc6e0174ccea823003a106c7d4d7899ac5"},
    {file = "PyYAML-6.0.1-cp38-cp38-manylinux_2_17_s390x.manylinux2014_s390x.whl", hash = "sha256:28c119d996beec18c05208a8bd78cbe4007878c6dd15091efb73a30e90539696"},
    {file = "PyYAML-6.0.1-cp38-cp38-manylinux_2_17_x86_64.manylinux2014_x86_64.whl", hash = "sha256:7e07cbde391ba96ab58e532ff4803f79c4129397514e1413a7dc761ccd755735"},
    {file = "PyYAML-6.0.1-cp38-cp38-win32.whl", hash = "sha256:184c5108a2aca3c5b3d3bf9395d50893a7ab82a38004c8f61c258d4428e80206"},
    {file = "PyYAML-6.0.1-cp38-cp38-win_amd64.whl", hash = "sha256:1e2722cc9fbb45d9b87631ac70924c11d3a401b2d7f410cc0e3bbf249f2dca62"},
    {file = "PyYAML-6.0.1-cp39-cp39-macosx_10_9_x86_64.whl", hash = "sha256:9eb6caa9a297fc2c2fb8862bc5370d0303ddba53ba97e71f08023b6cd73d16a8"},
    {file = "PyYAML-6.0.1-cp39-cp39-macosx_11_0_arm64.whl", hash = "sha256:c8098ddcc2a85b61647b2590f825f3db38891662cfc2fc776415143f599bb859"},
    {file = "PyYAML-6.0.1-cp39-cp39-manylinux_2_17_aarch64.manylinux2014_aarch64.whl", hash = "sha256:5773183b6446b2c99bb77e77595dd486303b4faab2b086e7b17bc6bef28865f6"},
    {file = "PyYAML-6.0.1-cp39-cp39-manylinux_2_17_s390x.manylinux2014_s390x.whl", hash = "sha256:b786eecbdf8499b9ca1d697215862083bd6d2a99965554781d0d8d1ad31e13a0"},
    {file = "PyYAML-6.0.1-cp39-cp39-manylinux_2_17_x86_64.manylinux2014_x86_64.whl", hash = "sha256:bc1bf2925a1ecd43da378f4db9e4f799775d6367bdb94671027b73b393a7c42c"},
    {file = "PyYAML-6.0.1-cp39-cp39-win32.whl", hash = "sha256:faca3bdcf85b2fc05d06ff3fbc1f83e1391b3e724afa3feba7d13eeab355484c"},
    {file = "PyYAML-6.0.1-cp39-cp39-win_amd64.whl", hash = "sha256:510c9deebc5c0225e8c96813043e62b680ba2f9c50a08d3724c7f28a747d1486"},
    {file = "PyYAML-6.0.1.tar.gz", hash = "sha256:bfdf460b1736c775f2ba9f6a92bca30bc2095067b8a9d77876d1fad6cc3b4a43"},
]

[[package]]
name = "referencing"
version = "0.31.0"
description = "JSON Referencing + Python"
optional = false
python-versions = ">=3.8"
files = [
    {file = "referencing-0.31.0-py3-none-any.whl", hash = "sha256:381b11e53dd93babb55696c71cf42aef2d36b8a150c49bf0bc301e36d536c882"},
    {file = "referencing-0.31.0.tar.gz", hash = "sha256:cc28f2c88fbe7b961a7817a0abc034c09a1e36358f82fedb4ffdf29a25398863"},
]

[package.dependencies]
attrs = ">=22.2.0"
rpds-py = ">=0.7.0"

[[package]]
name = "rpds-py"
version = "0.13.1"
description = "Python bindings to Rust's persistent data structures (rpds)"
optional = false
python-versions = ">=3.8"
files = [
    {file = "rpds_py-0.13.1-cp310-cp310-macosx_10_7_x86_64.whl", hash = "sha256:83feb0f682d75a09ddc11aa37ba5c07dd9b824b22915207f6176ea458474ff75"},
    {file = "rpds_py-0.13.1-cp310-cp310-macosx_11_0_arm64.whl", hash = "sha256:fa84bbe22ffa108f91631935c28a623001e335d66e393438258501e618fb0dde"},
    {file = "rpds_py-0.13.1-cp310-cp310-manylinux_2_17_aarch64.manylinux2014_aarch64.whl", hash = "sha256:e04f8c76b8d5c70695b4e8f1d0b391d8ef91df00ef488c6c1ffb910176459bc6"},
    {file = "rpds_py-0.13.1-cp310-cp310-manylinux_2_17_armv7l.manylinux2014_armv7l.whl", hash = "sha256:032c242a595629aacace44128f9795110513ad27217b091e834edec2fb09e800"},
    {file = "rpds_py-0.13.1-cp310-cp310-manylinux_2_17_ppc64le.manylinux2014_ppc64le.whl", hash = "sha256:91276caef95556faeb4b8f09fe4439670d3d6206fee78d47ddb6e6de837f0b4d"},
    {file = "rpds_py-0.13.1-cp310-cp310-manylinux_2_17_s390x.manylinux2014_s390x.whl", hash = "sha256:d22f2cb82e0b40e427a74a93c9a4231335bbc548aed79955dde0b64ea7f88146"},
    {file = "rpds_py-0.13.1-cp310-cp310-manylinux_2_17_x86_64.manylinux2014_x86_64.whl", hash = "sha256:63c9e2794329ef070844ff9bfc012004aeddc0468dc26970953709723f76c8a5"},
    {file = "rpds_py-0.13.1-cp310-cp310-manylinux_2_5_i686.manylinux1_i686.whl", hash = "sha256:c797ea56f36c6f248656f0223b11307fdf4a1886f3555eba371f34152b07677f"},
    {file = "rpds_py-0.13.1-cp310-cp310-musllinux_1_2_aarch64.whl", hash = "sha256:82dbcd6463e580bcfb7561cece35046aaabeac5a9ddb775020160b14e6c58a5d"},
    {file = "rpds_py-0.13.1-cp310-cp310-musllinux_1_2_i686.whl", hash = "sha256:736817dbbbd030a69a1faf5413a319976c9c8ba8cdcfa98c022d3b6b2e01eca6"},
    {file = "rpds_py-0.13.1-cp310-cp310-musllinux_1_2_x86_64.whl", hash = "sha256:1f36a1e80ef4ed1996445698fd91e0d3e54738bf597c9995118b92da537d7a28"},
    {file = "rpds_py-0.13.1-cp310-none-win32.whl", hash = "sha256:4f13d3f6585bd07657a603780e99beda96a36c86acaba841f131e81393958336"},
    {file = "rpds_py-0.13.1-cp310-none-win_amd64.whl", hash = "sha256:545e94c84575057d3d5c62634611858dac859702b1519b6ffc58eca7fb1adfcf"},
    {file = "rpds_py-0.13.1-cp311-cp311-macosx_10_7_x86_64.whl", hash = "sha256:6bfe72b249264cc1ff2f3629be240d7d2fdc778d9d298087cdec8524c91cd11f"},
    {file = "rpds_py-0.13.1-cp311-cp311-macosx_11_0_arm64.whl", hash = "sha256:edc91c50e17f5cd945d821f0f1af830522dba0c10267c3aab186dc3dbaab8def"},
    {file = "rpds_py-0.13.1-cp311-cp311-manylinux_2_17_aarch64.manylinux2014_aarch64.whl", hash = "sha256:2eca04a365be380ca1f8fa48b334462e19e3382c0bb7386444d8ca43aa01c481"},
    {file = "rpds_py-0.13.1-cp311-cp311-manylinux_2_17_armv7l.manylinux2014_armv7l.whl", hash = "sha256:3e3ac5b602fea378243f993d8b707189f9061e55ebb4e56cb9fdef8166060f28"},
    {file = "rpds_py-0.13.1-cp311-cp311-manylinux_2_17_ppc64le.manylinux2014_ppc64le.whl", hash = "sha256:dfb5d2ab183c0efe5e7b8917e4eaa2e837aacafad8a69b89aa6bc81550eed857"},
    {file = "rpds_py-0.13.1-cp311-cp311-manylinux_2_17_s390x.manylinux2014_s390x.whl", hash = "sha256:d9793d46d3e6522ae58e9321032827c9c0df1e56cbe5d3de965facb311aed6aa"},
    {file = "rpds_py-0.13.1-cp311-cp311-manylinux_2_17_x86_64.manylinux2014_x86_64.whl", hash = "sha256:9cd935c0220d012a27c20135c140f9cdcbc6249d5954345c81bfb714071b985c"},
    {file = "rpds_py-0.13.1-cp311-cp311-manylinux_2_5_i686.manylinux1_i686.whl", hash = "sha256:37b08df45f02ff1866043b95096cbe91ac99de05936dd09d6611987a82a3306a"},
    {file = "rpds_py-0.13.1-cp311-cp311-musllinux_1_2_aarch64.whl", hash = "sha256:ad666a904212aa9a6c77da7dce9d5170008cda76b7776e6731928b3f8a0d40fa"},
    {file = "rpds_py-0.13.1-cp311-cp311-musllinux_1_2_i686.whl", hash = "sha256:8a6ad8429340e0a4de89353447c6441329def3632e7b2293a7d6e873217d3c2b"},
    {file = "rpds_py-0.13.1-cp311-cp311-musllinux_1_2_x86_64.whl", hash = "sha256:7c40851b659d958c5245c1236e34f0d065cc53dca8d978b49a032c8e0adfda6e"},
    {file = "rpds_py-0.13.1-cp311-none-win32.whl", hash = "sha256:4145172ab59b6c27695db6d78d040795f635cba732cead19c78cede74800949a"},
    {file = "rpds_py-0.13.1-cp311-none-win_amd64.whl", hash = "sha256:46a07a258bda12270de02b34c4884f200f864bba3dcd6e3a37fef36a168b859d"},
    {file = "rpds_py-0.13.1-cp312-cp312-macosx_10_7_x86_64.whl", hash = "sha256:ba4432301ad7eeb1b00848cf46fae0e5fecfd18a8cb5fdcf856c67985f79ecc7"},
    {file = "rpds_py-0.13.1-cp312-cp312-macosx_11_0_arm64.whl", hash = "sha256:d22e0660de24bd8e9ac82f4230a22a5fe4e397265709289d61d5fb333839ba50"},
    {file = "rpds_py-0.13.1-cp312-cp312-manylinux_2_17_aarch64.manylinux2014_aarch64.whl", hash = "sha256:76a8374b294e4ccb39ccaf11d39a0537ed107534139c00b4393ca3b542cc66e5"},
    {file = "rpds_py-0.13.1-cp312-cp312-manylinux_2_17_armv7l.manylinux2014_armv7l.whl", hash = "sha256:7d152ec7bb431040af2500e01436c9aa0d993f243346f0594a15755016bf0be1"},
    {file = "rpds_py-0.13.1-cp312-cp312-manylinux_2_17_ppc64le.manylinux2014_ppc64le.whl", hash = "sha256:74a2044b870df7c9360bb3ce7e12f9ddf8e72e49cd3a353a1528cbf166ad2383"},
    {file = "rpds_py-0.13.1-cp312-cp312-manylinux_2_17_s390x.manylinux2014_s390x.whl", hash = "sha256:960e7e460fda2d0af18c75585bbe0c99f90b8f09963844618a621b804f8c3abe"},
    {file = "rpds_py-0.13.1-cp312-cp312-manylinux_2_17_x86_64.manylinux2014_x86_64.whl", hash = "sha256:37f79f4f1f06cc96151f4a187528c3fd4a7e1065538a4af9eb68c642365957f7"},
    {file = "rpds_py-0.13.1-cp312-cp312-manylinux_2_5_i686.manylinux1_i686.whl", hash = "sha256:cd4ea56c9542ad0091dfdef3e8572ae7a746e1e91eb56c9e08b8d0808b40f1d1"},
    {file = "rpds_py-0.13.1-cp312-cp312-musllinux_1_2_aarch64.whl", hash = "sha256:0290712eb5603a725769b5d857f7cf15cf6ca93dda3128065bbafe6fdb709beb"},
    {file = "rpds_py-0.13.1-cp312-cp312-musllinux_1_2_i686.whl", hash = "sha256:0b70c1f800059c92479dc94dda41288fd6607f741f9b1b8f89a21a86428f6383"},
    {file = "rpds_py-0.13.1-cp312-cp312-musllinux_1_2_x86_64.whl", hash = "sha256:3dd5fb7737224e1497c886fb3ca681c15d9c00c76171f53b3c3cc8d16ccfa7fb"},
    {file = "rpds_py-0.13.1-cp312-none-win32.whl", hash = "sha256:74be3b215a5695690a0f1a9f68b1d1c93f8caad52e23242fcb8ba56aaf060281"},
    {file = "rpds_py-0.13.1-cp312-none-win_amd64.whl", hash = "sha256:f47eef55297799956464efc00c74ae55c48a7b68236856d56183fe1ddf866205"},
    {file = "rpds_py-0.13.1-cp38-cp38-macosx_10_7_x86_64.whl", hash = "sha256:e4a45ba34f904062c63049a760790c6a2fa7a4cc4bd160d8af243b12371aaa05"},
    {file = "rpds_py-0.13.1-cp38-cp38-macosx_11_0_arm64.whl", hash = "sha256:20147996376be452cd82cd6c17701daba69a849dc143270fa10fe067bb34562a"},
    {file = "rpds_py-0.13.1-cp38-cp38-manylinux_2_17_aarch64.manylinux2014_aarch64.whl", hash = "sha256:42b9535aa22ab023704cfc6533e968f7e420affe802d85e956d8a7b4c0b0b5ea"},
    {file = "rpds_py-0.13.1-cp38-cp38-manylinux_2_17_armv7l.manylinux2014_armv7l.whl", hash = "sha256:d4fa1eeb9bea6d9b64ac91ec51ee94cc4fc744955df5be393e1c923c920db2b0"},
    {file = "rpds_py-0.13.1-cp38-cp38-manylinux_2_17_ppc64le.manylinux2014_ppc64le.whl", hash = "sha256:2b2415d5a7b7ee96aa3a54d4775c1fec140476a17ee12353806297e900eaeddc"},
    {file = "rpds_py-0.13.1-cp38-cp38-manylinux_2_17_s390x.manylinux2014_s390x.whl", hash = "sha256:577d40a72550eac1386b77b43836151cb61ff6700adacda2ad4d883ca5a0b6f2"},
    {file = "rpds_py-0.13.1-cp38-cp38-manylinux_2_17_x86_64.manylinux2014_x86_64.whl", hash = "sha256:af2d1648eb625a460eee07d3e1ea3a4a6e84a1fb3a107f6a8e95ac19f7dcce67"},
    {file = "rpds_py-0.13.1-cp38-cp38-manylinux_2_5_i686.manylinux1_i686.whl", hash = "sha256:5b769396eb358d6b55dbf78f3f7ca631ca1b2fe02136faad5af74f0111b4b6b7"},
    {file = "rpds_py-0.13.1-cp38-cp38-musllinux_1_2_aarch64.whl", hash = "sha256:249c8e0055ca597707d71c5ad85fd2a1c8fdb99386a8c6c257e1b47b67a9bec1"},
    {file = "rpds_py-0.13.1-cp38-cp38-musllinux_1_2_i686.whl", hash = "sha256:fe30ef31172bdcf946502a945faad110e8fff88c32c4bec9a593df0280e64d8a"},
    {file = "rpds_py-0.13.1-cp38-cp38-musllinux_1_2_x86_64.whl", hash = "sha256:2647192facf63be9ed2d7a49ceb07efe01dc6cfb083bd2cc53c418437400cb99"},
    {file = "rpds_py-0.13.1-cp38-none-win32.whl", hash = "sha256:4011d5c854aa804c833331d38a2b6f6f2fe58a90c9f615afdb7aa7cf9d31f721"},
    {file = "rpds_py-0.13.1-cp38-none-win_amd64.whl", hash = "sha256:7cfae77da92a20f56cf89739a557b76e5c6edc094f6ad5c090b9e15fbbfcd1a4"},
    {file = "rpds_py-0.13.1-cp39-cp39-macosx_10_7_x86_64.whl", hash = "sha256:e9be1f7c5f9673616f875299339984da9447a40e3aea927750c843d6e5e2e029"},
    {file = "rpds_py-0.13.1-cp39-cp39-macosx_11_0_arm64.whl", hash = "sha256:839676475ac2ccd1532d36af3d10d290a2ca149b702ed464131e450a767550df"},
    {file = "rpds_py-0.13.1-cp39-cp39-manylinux_2_17_aarch64.manylinux2014_aarch64.whl", hash = "sha256:a90031658805c63fe488f8e9e7a88b260ea121ba3ee9cdabcece9c9ddb50da39"},
    {file = "rpds_py-0.13.1-cp39-cp39-manylinux_2_17_armv7l.manylinux2014_armv7l.whl", hash = "sha256:8ba9fbc5d6e36bfeb5292530321cc56c4ef3f98048647fabd8f57543c34174ec"},
    {file = "rpds_py-0.13.1-cp39-cp39-manylinux_2_17_ppc64le.manylinux2014_ppc64le.whl", hash = "sha256:08832078767545c5ee12561ce980714e1e4c6619b5b1e9a10248de60cddfa1fd"},
    {file = "rpds_py-0.13.1-cp39-cp39-manylinux_2_17_s390x.manylinux2014_s390x.whl", hash = "sha256:19f5aa7f5078d35ed8e344bcba40f35bc95f9176dddb33fc4f2084e04289fa63"},
    {file = "rpds_py-0.13.1-cp39-cp39-manylinux_2_17_x86_64.manylinux2014_x86_64.whl", hash = "sha256:80080972e1d000ad0341c7cc58b6855c80bd887675f92871221451d13a975072"},
    {file = "rpds_py-0.13.1-cp39-cp39-manylinux_2_5_i686.manylinux1_i686.whl", hash = "sha256:181ee352691c4434eb1c01802e9daa5edcc1007ff15023a320e2693fed6a661b"},
    {file = "rpds_py-0.13.1-cp39-cp39-musllinux_1_2_aarch64.whl", hash = "sha256:d20da6b4c7aa9ee75ad0730beaba15d65157f5beeaca54a038bb968f92bf3ce3"},
    {file = "rpds_py-0.13.1-cp39-cp39-musllinux_1_2_i686.whl", hash = "sha256:faa12a9f34671a30ea6bb027f04ec4e1fb8fa3fb3ed030893e729d4d0f3a9791"},
    {file = "rpds_py-0.13.1-cp39-cp39-musllinux_1_2_x86_64.whl", hash = "sha256:7cf241dbb50ea71c2e628ab2a32b5bfcd36e199152fc44e5c1edb0b773f1583e"},
    {file = "rpds_py-0.13.1-cp39-none-win32.whl", hash = "sha256:dab979662da1c9fbb464e310c0b06cb5f1d174d09a462553af78f0bfb3e01920"},
    {file = "rpds_py-0.13.1-cp39-none-win_amd64.whl", hash = "sha256:a2b3c79586636f1fa69a7bd59c87c15fca80c0d34b5c003d57f2f326e5276575"},
    {file = "rpds_py-0.13.1-pp310-pypy310_pp73-macosx_10_7_x86_64.whl", hash = "sha256:5967fa631d0ed9f8511dede08bc943a9727c949d05d1efac4ac82b2938024fb7"},
    {file = "rpds_py-0.13.1-pp310-pypy310_pp73-macosx_11_0_arm64.whl", hash = "sha256:8308a8d49d1354278d5c068c888a58d7158a419b2e4d87c7839ed3641498790c"},
    {file = "rpds_py-0.13.1-pp310-pypy310_pp73-manylinux_2_17_aarch64.manylinux2014_aarch64.whl", hash = "sha256:d0580faeb9def6d0beb7aa666294d5604e569c4e24111ada423cf9936768d95c"},
    {file = "rpds_py-0.13.1-pp310-pypy310_pp73-manylinux_2_17_armv7l.manylinux2014_armv7l.whl", hash = "sha256:2da81c1492291c1a90987d76a47c7b2d310661bf7c93a9de0511e27b796a8b46"},
    {file = "rpds_py-0.13.1-pp310-pypy310_pp73-manylinux_2_17_ppc64le.manylinux2014_ppc64le.whl", hash = "sha256:1c9a1dc5e898ce30e2f9c0aa57181cddd4532b22b7780549441d6429d22d3b58"},
    {file = "rpds_py-0.13.1-pp310-pypy310_pp73-manylinux_2_17_s390x.manylinux2014_s390x.whl", hash = "sha256:f4ae6f423cb7d1c6256b7482025ace2825728f53b7ac58bcd574de6ee9d242c2"},
    {file = "rpds_py-0.13.1-pp310-pypy310_pp73-manylinux_2_17_x86_64.manylinux2014_x86_64.whl", hash = "sha256:bc3179e0815827cf963e634095ae5715ee73a5af61defbc8d6ca79f1bdae1d1d"},
    {file = "rpds_py-0.13.1-pp310-pypy310_pp73-manylinux_2_5_i686.manylinux1_i686.whl", hash = "sha256:0d9f8930092558fd15c9e07198625efb698f7cc00b3dc311c83eeec2540226a8"},
    {file = "rpds_py-0.13.1-pp310-pypy310_pp73-musllinux_1_2_aarch64.whl", hash = "sha256:d1d388d2f5f5a6065cf83c54dd12112b7389095669ff395e632003ae8999c6b8"},
    {file = "rpds_py-0.13.1-pp310-pypy310_pp73-musllinux_1_2_i686.whl", hash = "sha256:08b335fb0c45f0a9e2478a9ece6a1bfb00b6f4c4780f9be3cf36479c5d8dd374"},
    {file = "rpds_py-0.13.1-pp310-pypy310_pp73-musllinux_1_2_x86_64.whl", hash = "sha256:d11afdc5992bbd7af60ed5eb519873690d921425299f51d80aa3099ed49f2bcc"},
    {file = "rpds_py-0.13.1-pp38-pypy38_pp73-macosx_10_7_x86_64.whl", hash = "sha256:8c1f6c8df23be165eb0cb78f305483d00c6827a191e3a38394c658d5b9c80bbd"},
    {file = "rpds_py-0.13.1-pp38-pypy38_pp73-macosx_11_0_arm64.whl", hash = "sha256:528e2afaa56d815d2601b857644aeb395afe7e59212ab0659906dc29ae68d9a6"},
    {file = "rpds_py-0.13.1-pp38-pypy38_pp73-manylinux_2_17_aarch64.manylinux2014_aarch64.whl", hash = "sha256:df2af1180b8eeececf4f819d22cc0668bfadadfd038b19a90bd2fb2ee419ec6f"},
    {file = "rpds_py-0.13.1-pp38-pypy38_pp73-manylinux_2_17_armv7l.manylinux2014_armv7l.whl", hash = "sha256:88956c993a20201744282362e3fd30962a9d86dc4f1dcf2bdb31fab27821b61f"},
    {file = "rpds_py-0.13.1-pp38-pypy38_pp73-manylinux_2_17_ppc64le.manylinux2014_ppc64le.whl", hash = "sha256:ee70ee5f4144a45a9e6169000b5b525d82673d5dab9f7587eccc92794814e7ac"},
    {file = "rpds_py-0.13.1-pp38-pypy38_pp73-manylinux_2_17_s390x.manylinux2014_s390x.whl", hash = "sha256:c5fd099acaee2325f01281a130a39da08d885e4dedf01b84bf156ec2737d78fe"},
    {file = "rpds_py-0.13.1-pp38-pypy38_pp73-manylinux_2_17_x86_64.manylinux2014_x86_64.whl", hash = "sha256:9656a09653b18b80764647d585750df2dff8928e03a706763ab40ec8c4872acc"},
    {file = "rpds_py-0.13.1-pp38-pypy38_pp73-manylinux_2_5_i686.manylinux1_i686.whl", hash = "sha256:7ba239bb37663b2b4cd08e703e79e13321512dccd8e5f0e9451d9e53a6b8509a"},
    {file = "rpds_py-0.13.1-pp38-pypy38_pp73-musllinux_1_2_aarch64.whl", hash = "sha256:3f55ae773abd96b1de25fc5c3fb356f491bd19116f8f854ba705beffc1ddc3c5"},
    {file = "rpds_py-0.13.1-pp38-pypy38_pp73-musllinux_1_2_i686.whl", hash = "sha256:f4b15a163448ec79241fb2f1bc5a8ae1a4a304f7a48d948d208a2935b26bf8a5"},
    {file = "rpds_py-0.13.1-pp38-pypy38_pp73-musllinux_1_2_x86_64.whl", hash = "sha256:1a3b2583c86bbfbf417304eeb13400ce7f8725376dc7d3efbf35dc5d7052ad48"},
    {file = "rpds_py-0.13.1-pp39-pypy39_pp73-macosx_10_7_x86_64.whl", hash = "sha256:f1059ca9a51c936c9a8d46fbc2c9a6b4c15ab3f13a97f1ad32f024b39666ba85"},
    {file = "rpds_py-0.13.1-pp39-pypy39_pp73-macosx_11_0_arm64.whl", hash = "sha256:f55601fb58f92e4f4f1d05d80c24cb77505dc42103ddfd63ddfdc51d3da46fa2"},
    {file = "rpds_py-0.13.1-pp39-pypy39_pp73-manylinux_2_17_aarch64.manylinux2014_aarch64.whl", hash = "sha256:fcfd5f91b882eedf8d9601bd21261d6ce0e61a8c66a7152d1f5df08d3f643ab1"},
    {file = "rpds_py-0.13.1-pp39-pypy39_pp73-manylinux_2_17_armv7l.manylinux2014_armv7l.whl", hash = "sha256:6574f619e8734140d96c59bfa8a6a6e7a3336820ccd1bfd95ffa610673b650a2"},
    {file = "rpds_py-0.13.1-pp39-pypy39_pp73-manylinux_2_17_ppc64le.manylinux2014_ppc64le.whl", hash = "sha256:a4b9d3f5c48bbe8d9e3758e498b3c34863f2c9b1ac57a4e6310183740e59c980"},
    {file = "rpds_py-0.13.1-pp39-pypy39_pp73-manylinux_2_17_s390x.manylinux2014_s390x.whl", hash = "sha256:cdd6f8738e1f1d9df5b1603bb03cb30e442710e5672262b95d0f9fcb4edb0dab"},
    {file = "rpds_py-0.13.1-pp39-pypy39_pp73-manylinux_2_17_x86_64.manylinux2014_x86_64.whl", hash = "sha256:a8c2bf286e5d755a075e5e97ba56b3de08cccdad6b323ab0b21cc98875176b03"},
    {file = "rpds_py-0.13.1-pp39-pypy39_pp73-manylinux_2_5_i686.manylinux1_i686.whl", hash = "sha256:b3d4b390ee70ca9263b331ccfaf9819ee20e90dfd0201a295e23eb64a005dbef"},
    {file = "rpds_py-0.13.1-pp39-pypy39_pp73-musllinux_1_2_aarch64.whl", hash = "sha256:db8d0f0ad92f74feb61c4e4a71f1d573ef37c22ef4dc19cab93e501bfdad8cbd"},
    {file = "rpds_py-0.13.1-pp39-pypy39_pp73-musllinux_1_2_i686.whl", hash = "sha256:2abd669a39be69cdfe145927c7eb53a875b157740bf1e2d49e9619fc6f43362e"},
    {file = "rpds_py-0.13.1-pp39-pypy39_pp73-musllinux_1_2_x86_64.whl", hash = "sha256:2c173f529666bab8e3f948b74c6d91afa22ea147e6ebae49a48229d9020a47c4"},
    {file = "rpds_py-0.13.1.tar.gz", hash = "sha256:264f3a5906c62b9df3a00ad35f6da1987d321a053895bd85f9d5c708de5c0fbf"},
]

[[package]]
name = "s3transfer"
version = "0.8.0"
description = "An Amazon S3 Transfer Manager"
optional = false
python-versions = ">= 3.7"
files = [
    {file = "s3transfer-0.8.0-py3-none-any.whl", hash = "sha256:baa479dc2e63e5c2ed51611b4d46cdf0295e2070d8d0b86b22f335ee5b954986"},
    {file = "s3transfer-0.8.0.tar.gz", hash = "sha256:e8d6bd52ffd99841e3a57b34370a54841f12d3aab072af862cdcc50955288002"},
]

[package.dependencies]
botocore = ">=1.32.7,<2.0a.0"

[package.extras]
crt = ["botocore[crt] (>=1.32.7,<2.0a.0)"]

[[package]]
name = "six"
version = "1.16.0"
description = "Python 2 and 3 compatibility utilities"
optional = false
python-versions = ">=2.7, !=3.0.*, !=3.1.*, !=3.2.*"
files = [
    {file = "six-1.16.0-py2.py3-none-any.whl", hash = "sha256:8abb2f1d86890a2dfb989f9a77cfcfd3e47c2a354b01111771326f8aa26e0254"},
    {file = "six-1.16.0.tar.gz", hash = "sha256:1e61c37477a1626458e36f7b1d82aa5c9b094fa4802892072e49de9c60c4c926"},
]

[[package]]
name = "tabulate"
version = "0.9.0"
description = "Pretty-print tabular data"
optional = false
python-versions = ">=3.7"
files = [
    {file = "tabulate-0.9.0-py3-none-any.whl", hash = "sha256:024ca478df22e9340661486f85298cff5f6dcdba14f3813e8830015b9ed1948f"},
    {file = "tabulate-0.9.0.tar.gz", hash = "sha256:0095b12bf5966de529c0feb1fa08671671b3368eec77d7ef7ab114be2c068b3c"},
]

[package.extras]
widechars = ["wcwidth"]

[[package]]
name = "urllib3"
version = "1.26.18"
description = "HTTP library with thread-safe connection pooling, file post, and more."
optional = false
python-versions = ">=2.7, !=3.0.*, !=3.1.*, !=3.2.*, !=3.3.*, !=3.4.*, !=3.5.*"
files = [
    {file = "urllib3-1.26.18-py2.py3-none-any.whl", hash = "sha256:34b97092d7e0a3a8cf7cd10e386f401b3737364026c45e622aa02903dffe0f07"},
    {file = "urllib3-1.26.18.tar.gz", hash = "sha256:f8ecc1bba5667413457c529ab955bf8c67b45db799d159066261719e328580a0"},
]

[package.extras]
brotli = ["brotli (==1.0.9)", "brotli (>=1.0.9)", "brotlicffi (>=0.8.0)", "brotlipy (>=0.6.0)"]
secure = ["certifi", "cryptography (>=1.3.4)", "idna (>=2.0.0)", "ipaddress", "pyOpenSSL (>=0.14)", "urllib3-secure-extra"]
socks = ["PySocks (>=1.5.6,!=1.5.7,<2.0)"]

[[package]]
name = "zipp"
version = "3.17.0"
description = "Backport of pathlib-compatible object wrapper for zip files"
optional = false
python-versions = ">=3.8"
files = [
    {file = "zipp-3.17.0-py3-none-any.whl", hash = "sha256:0e923e726174922dce09c53c59ad483ff7bbb8e572e00c7f7c46b88556409f31"},
    {file = "zipp-3.17.0.tar.gz", hash = "sha256:84e64a1c28cf7e91ed2078bb8cc8c259cb19b76942096c8d7b84947690cabaf0"},
]

[package.extras]
docs = ["furo", "jaraco.packaging (>=9.3)", "jaraco.tidelift (>=1.4)", "rst.linker (>=1.9)", "sphinx (<7.2.5)", "sphinx (>=3.5)", "sphinx-lint"]
testing = ["big-O", "jaraco.functools", "jaraco.itertools", "more-itertools", "pytest (>=6)", "pytest-black (>=0.3.7)", "pytest-checkdocs (>=2.4)", "pytest-cov", "pytest-enabler (>=2.2)", "pytest-ignore-flaky", "pytest-mypy (>=0.9.1)", "pytest-ruff"]

[metadata]
lock-version = "2.0"
python-versions = "^3.8"
content-hash = "1de9f657d6aecb9ebbeb0a47b79512a209c6aef3ae85806b59da1117be8f681f"
